
Microsoft Visual Studio Solution File, Format Version 12.00
# Visual Studio Version 16
VisualStudioVersion = 16.0.32407.337
MinimumVisualStudioVersion = 10.0.40219.1
Project("{FAE04EC0-301F-11D3-BF4B-00C04F79EFBC}") = "ContactManager", "ContactManager\ContactManager.csproj", "{7EE14003-F882-4E09-9C78-72373FA1864F}"
EndProject
Global
	GlobalSection(SolutionConfigurationPlatforms) = preSolution
		Debug|Any CPU = Debug|Any CPU
		Release|Any CPU = Release|Any CPU
	EndGlobalSection
	GlobalSection(ProjectConfigurationPlatforms) = postSolution
		{7EE14003-F882-4E09-9C78-72373FA1864F}.Debug|Any CPU.ActiveCfg = Debug|Any CPU
		{7EE14003-F882-4E09-9C78-72373FA1864F}.Debug|Any CPU.Build.0 = Debug|Any CPU
		{7EE14003-F882-4E09-9C78-72373FA1864F}.Release|Any CPU.ActiveCfg = Release|Any CPU
		{7EE14003-F882-4E09-9C78-72373FA1864F}.Release|Any CPU.Build.0 = Release|Any CPU
	EndGlobalSection
	GlobalSection(SolutionProperties) = preSolution
		HideSolutionNode = FALSE
	EndGlobalSection
	GlobalSection(ExtensibilityGlobals) = postSolution
		SolutionGuid = {1B2279F4-2188-4CC3-BD64-4FF639B03A35}
	EndGlobalSection
EndGlobal
